// !$*UTF8*$!
{
	archiveVersion = 1;
	classes = {
	};
	objectVersion = 55;
	objects = {

/* Begin PBXBuildFile section */
		FA9AE33227FDCF64004956D7 /* PlannerApp.swift in Sources */ = {isa = PBXBuildFile; fileRef = FA9AE33127FDCF64004956D7 /* PlannerApp.swift */; };
		FA9AE33627FDCF65004956D7 /* Assets.xcassets in Resources */ = {isa = PBXBuildFile; fileRef = FA9AE33527FDCF65004956D7 /* Assets.xcassets */; };
		FA9AE33927FDCF65004956D7 /* Preview Assets.xcassets in Resources */ = {isa = PBXBuildFile; fileRef = FA9AE33827FDCF65004956D7 /* Preview Assets.xcassets */; };
		FA9AE34327FDCF96004956D7 /* PlannerView.swift in Sources */ = {isa = PBXBuildFile; fileRef = FA9AE34227FDCF96004956D7 /* PlannerView.swift */; };
		FA9AE34527FDD066004956D7 /* Plan.swift in Sources */ = {isa = PBXBuildFile; fileRef = FA9AE34427FDD066004956D7 /* Plan.swift */; };
		FA9AE34727FDD09C004956D7 /* PlanListView.swift in Sources */ = {isa = PBXBuildFile; fileRef = FA9AE34627FDD09C004956D7 /* PlanListView.swift */; };
		FA9AE34927FDD688004956D7 /* PlanViewModel.swift in Sources */ = {isa = PBXBuildFile; fileRef = FA9AE34827FDD688004956D7 /* PlanViewModel.swift */; };
		FA9AE34B27FDDE6A004956D7 /* DetailSheet.swift in Sources */ = {isa = PBXBuildFile; fileRef = FA9AE34A27FDDE6A004956D7 /* DetailSheet.swift */; };
		FA9AE34E27FDE131004956D7 /* Checkbox.swift in Sources */ = {isa = PBXBuildFile; fileRef = FA9AE34D27FDE131004956D7 /* Checkbox.swift */; };
		FAAE91BB2804682800BAD6A3 /* LaunchScreen.storyboard in Resources */ = {isa = PBXBuildFile; fileRef = FAAE91BA2804682800BAD6A3 /* LaunchScreen.storyboard */; };
/* End PBXBuildFile section */

/* Begin PBXFileReference section */
		FA9AE32E27FDCF64004956D7 /* Planner.app */ = {isa = PBXFileReference; explicitFileType = wrapper.application; includeInIndex = 0; path = Planner.app; sourceTree = BUILT_PRODUCTS_DIR; };
		FA9AE33127FDCF64004956D7 /* PlannerApp.swift */ = {isa = PBXFileReference; lastKnownFileType = sourcecode.swift; path = PlannerApp.swift; sourceTree = "<group>"; };
		FA9AE33527FDCF65004956D7 /* Assets.xcassets */ = {isa = PBXFileReference; lastKnownFileType = folder.assetcatalog; path = Assets.xcassets; sourceTree = "<group>"; };
		FA9AE33827FDCF65004956D7 /* Preview Assets.xcassets */ = {isa = PBXFileReference; lastKnownFileType = folder.assetcatalog; path = "Preview Assets.xcassets"; sourceTree = "<group>"; };
		FA9AE34227FDCF96004956D7 /* PlannerView.swift */ = {isa = PBXFileReference; lastKnownFileType = sourcecode.swift; path = PlannerView.swift; sourceTree = "<group>"; };
		FA9AE34427FDD066004956D7 /* Plan.swift */ = {isa = PBXFileReference; lastKnownFileType = sourcecode.swift; path = Plan.swift; sourceTree = "<group>"; };
		FA9AE34627FDD09C004956D7 /* PlanListView.swift */ = {isa = PBXFileReference; lastKnownFileType = sourcecode.swift; path = PlanListView.swift; sourceTree = "<group>"; };
		FA9AE34827FDD688004956D7 /* PlanViewModel.swift */ = {isa = PBXFileReference; lastKnownFileType = sourcecode.swift; path = PlanViewModel.swift; sourceTree = "<group>"; };
		FA9AE34A27FDDE6A004956D7 /* DetailSheet.swift */ = {isa = PBXFileReference; lastKnownFileType = sourcecode.swift; path = DetailSheet.swift; sourceTree = "<group>"; };
		FA9AE34D27FDE131004956D7 /* Checkbox.swift */ = {isa = PBXFileReference; lastKnownFileType = sourcecode.swift; path = Checkbox.swift; sourceTree = "<group>"; };
		FAAE91BA2804682800BAD6A3 /* LaunchScreen.storyboard */ = {isa = PBXFileReference; lastKnownFileType = file.storyboard; path = LaunchScreen.storyboard; sourceTree = "<group>"; };
/* End PBXFileReference section */

/* Begin PBXFrameworksBuildPhase section */
		FA9AE32B27FDCF64004956D7 /* Frameworks */ = {
			isa = PBXFrameworksBuildPhase;
			buildActionMask = 2147483647;
			files = (
			);
			runOnlyForDeploymentPostprocessing = 0;
		};
/* End PBXFrameworksBuildPhase section */

/* Begin PBXGroup section */
		FA9AE32527FDCF64004956D7 = {
			isa = PBXGroup;
			children = (
				FA9AE33027FDCF64004956D7 /* Planner */,
				FA9AE32F27FDCF64004956D7 /* Products */,
			);
			sourceTree = "<group>";
		};
		FA9AE32F27FDCF64004956D7 /* Products */ = {
			isa = PBXGroup;
			children = (
				FA9AE32E27FDCF64004956D7 /* Planner.app */,
			);
			name = Products;
			sourceTree = "<group>";
		};
		FA9AE33027FDCF64004956D7 /* Planner */ = {
			isa = PBXGroup;
			children = (
				FA9AE34127FDCF80004956D7 /* Models */,
				FA9AE34027FDCF78004956D7 /* ViewModels */,
				FA9AE33F27FDCF6E004956D7 /* Views */,
				FA9AE33127FDCF64004956D7 /* PlannerApp.swift */,
				FA9AE33527FDCF65004956D7 /* Assets.xcassets */,
				FA9AE33727FDCF65004956D7 /* Preview Content */,
				FAAE91BA2804682800BAD6A3 /* LaunchScreen.storyboard */,
			);
			path = Planner;
			sourceTree = "<group>";
		};
		FA9AE33727FDCF65004956D7 /* Preview Content */ = {
			isa = PBXGroup;
			children = (
				FA9AE33827FDCF65004956D7 /* Preview Assets.xcassets */,
			);
			path = "Preview Content";
			sourceTree = "<group>";
		};
		FA9AE33F27FDCF6E004956D7 /* Views */ = {
			isa = PBXGroup;
			children = (
				FA9AE34C27FDE120004956D7 /* Components */,
				FA9AE34227FDCF96004956D7 /* PlannerView.swift */,
				FA9AE34627FDD09C004956D7 /* PlanListView.swift */,
				FA9AE34A27FDDE6A004956D7 /* DetailSheet.swift */,
			);
			path = Views;
			sourceTree = "<group>";
		};
		FA9AE34027FDCF78004956D7 /* ViewModels */ = {
			isa = PBXGroup;
			children = (
				FA9AE34827FDD688004956D7 /* PlanViewModel.swift */,
			);
			path = ViewModels;
			sourceTree = "<group>";
		};
		FA9AE34127FDCF80004956D7 /* Models */ = {
			isa = PBXGroup;
			children = (
				FA9AE34427FDD066004956D7 /* Plan.swift */,
			);
			path = Models;
			sourceTree = "<group>";
		};
		FA9AE34C27FDE120004956D7 /* Components */ = {
			isa = PBXGroup;
			children = (
				FA9AE34D27FDE131004956D7 /* Checkbox.swift */,
			);
			path = Components;
			sourceTree = "<group>";
		};
/* End PBXGroup section */

/* Begin PBXNativeTarget section */
		FA9AE32D27FDCF64004956D7 /* Planner */ = {
			isa = PBXNativeTarget;
			buildConfigurationList = FA9AE33C27FDCF65004956D7 /* Build configuration list for PBXNativeTarget "Planner" */;
			buildPhases = (
				FA9AE32A27FDCF64004956D7 /* Sources */,
				FA9AE32B27FDCF64004956D7 /* Frameworks */,
				FA9AE32C27FDCF64004956D7 /* Resources */,
			);
			buildRules = (
			);
			dependencies = (
			);
			name = Planner;
			productName = Planner;
			productReference = FA9AE32E27FDCF64004956D7 /* Planner.app */;
			productType = "com.apple.product-type.application";
		};
/* End PBXNativeTarget section */

/* Begin PBXProject section */
		FA9AE32627FDCF64004956D7 /* Project object */ = {
			isa = PBXProject;
			attributes = {
				BuildIndependentTargetsInParallel = 1;
				LastSwiftUpdateCheck = 1330;
				LastUpgradeCheck = 1330;
				TargetAttributes = {
					FA9AE32D27FDCF64004956D7 = {
						CreatedOnToolsVersion = 13.3;
					};
				};
			};
			buildConfigurationList = FA9AE32927FDCF64004956D7 /* Build configuration list for PBXProject "Planner" */;
			compatibilityVersion = "Xcode 13.0";
			developmentRegion = en;
			hasScannedForEncodings = 0;
			knownRegions = (
				en,
				Base,
			);
			mainGroup = FA9AE32527FDCF64004956D7;
			productRefGroup = FA9AE32F27FDCF64004956D7 /* Products */;
			projectDirPath = "";
			projectRoot = "";
			targets = (
				FA9AE32D27FDCF64004956D7 /* Planner */,
			);
		};
/* End PBXProject section */

/* Begin PBXResourcesBuildPhase section */
		FA9AE32C27FDCF64004956D7 /* Resources */ = {
			isa = PBXResourcesBuildPhase;
			buildActionMask = 2147483647;
			files = (
				FAAE91BB2804682800BAD6A3 /* LaunchScreen.storyboard in Resources */,
				FA9AE33927FDCF65004956D7 /* Preview Assets.xcassets in Resources */,
				FA9AE33627FDCF65004956D7 /* Assets.xcassets in Resources */,
			);
			runOnlyForDeploymentPostprocessing = 0;
		};
/* End PBXResourcesBuildPhase section */

/* Begin PBXSourcesBuildPhase section */
		FA9AE32A27FDCF64004956D7 /* Sources */ = {
			isa = PBXSourcesBuildPhase;
			buildActionMask = 2147483647;
			files = (
				FA9AE33227FDCF64004956D7 /* PlannerApp.swift in Sources */,
				FA9AE34327FDCF96004956D7 /* PlannerView.swift in Sources */,
				FA9AE34B27FDDE6A004956D7 /* DetailSheet.swift in Sources */,
				FA9AE34527FDD066004956D7 /* Plan.swift in Sources */,
				FA9AE34E27FDE131004956D7 /* Checkbox.swift in Sources */,
				FA9AE34727FDD09C004956D7 /* PlanListView.swift in Sources */,
				FA9AE34927FDD688004956D7 /* PlanViewModel.swift in Sources */,
			);
			runOnlyForDeploymentPostprocessing = 0;
		};
/* End PBXSourcesBuildPhase section */

/* Begin XCBuildConfiguration section */
		FA9AE33A27FDCF65004956D7 /* Debug */ = {
			isa = XCBuildConfiguration;
			buildSettings = {
				ALWAYS_SEARCH_USER_PATHS = NO;
				CLANG_ANALYZER_NONNULL = YES;
				CLANG_ANALYZER_NUMBER_OBJECT_CONVERSION = YES_AGGRESSIVE;
				CLANG_CXX_LANGUAGE_STANDARD = "gnu++17";
				CLANG_ENABLE_MODULES = YES;
				CLANG_ENABLE_OBJC_ARC = YES;
				CLANG_ENABLE_OBJC_WEAK = YES;
				CLANG_WARN_BLOCK_CAPTURE_AUTORELEASING = YES;
				CLANG_WARN_BOOL_CONVERSION = YES;
				CLANG_WARN_COMMA = YES;
				CLANG_WARN_CONSTANT_CONVERSION = YES;
				CLANG_WARN_DEPRECATED_OBJC_IMPLEMENTATIONS = YES;
				CLANG_WARN_DIRECT_OBJC_ISA_USAGE = YES_ERROR;
				CLANG_WARN_DOCUMENTATION_COMMENTS = YES;
				CLANG_WARN_EMPTY_BODY = YES;
				CLANG_WARN_ENUM_CONVERSION = YES;
				CLANG_WARN_INFINITE_RECURSION = YES;
				CLANG_WARN_INT_CONVERSION = YES;
				CLANG_WARN_NON_LITERAL_NULL_CONVERSION = YES;
				CLANG_WARN_OBJC_IMPLICIT_RETAIN_SELF = YES;
				CLANG_WARN_OBJC_LITERAL_CONVERSION = YES;
				CLANG_WARN_OBJC_ROOT_CLASS = YES_ERROR;
				CLANG_WARN_QUOTED_INCLUDE_IN_FRAMEWORK_HEADER = YES;
				CLANG_WARN_RANGE_LOOP_ANALYSIS = YES;
				CLANG_WARN_STRICT_PROTOTYPES = YES;
				CLANG_WARN_SUSPICIOUS_MOVE = YES;
				CLANG_WARN_UNGUARDED_AVAILABILITY = YES_AGGRESSIVE;
				CLANG_WARN_UNREACHABLE_CODE = YES;
				CLANG_WARN__DUPLICATE_METHOD_MATCH = YES;
				COPY_PHASE_STRIP = NO;
				DEBUG_INFORMATION_FORMAT = dwarf;
				ENABLE_STRICT_OBJC_MSGSEND = YES;
				ENABLE_TESTABILITY = YES;
				GCC_C_LANGUAGE_STANDARD = gnu11;
				GCC_DYNAMIC_NO_PIC = NO;
				GCC_NO_COMMON_BLOCKS = YES;
				GCC_OPTIMIZATION_LEVEL = 0;
				GCC_PREPROCESSOR_DEFINITIONS = (
					"DEBUG=1",
					"$(inherited)",
				);
				GCC_WARN_64_TO_32_BIT_CONVERSION = YES;
				GCC_WARN_ABOUT_RETURN_TYPE = YES_ERROR;
				GCC_WARN_UNDECLARED_SELECTOR = YES;
				GCC_WARN_UNINITIALIZED_AUTOS = YES_AGGRESSIVE;
				GCC_WARN_UNUSED_FUNCTION = YES;
				GCC_WARN_UNUSED_VARIABLE = YES;
				IPHONEOS_DEPLOYMENT_TARGET = 15.4;
				MTL_ENABLE_DEBUG_INFO = INCLUDE_SOURCE;
				MTL_FAST_MATH = YES;
				ONLY_ACTIVE_ARCH = YES;
				SDKROOT = iphoneos;
				SWIFT_ACTIVE_COMPILATION_CONDITIONS = DEBUG;
				SWIFT_OPTIMIZATION_LEVEL = "-Onone";
			};
			name = Debug;
		};
		FA9AE33B27FDCF65004956D7 /* Release */ = {
			isa = XCBuildConfiguration;
			buildSettings = {
				ALWAYS_SEARCH_USER_PATHS = NO;
				CLANG_ANALYZER_NONNULL = YES;
				CLANG_ANALYZER_NUMBER_OBJECT_CONVERSION = YES_AGGRESSIVE;
				CLANG_CXX_LANGUAGE_STANDARD = "gnu++17";
				CLANG_ENABLE_MODULES = YES;
				CLANG_ENABLE_OBJC_ARC = YES;
				CLANG_ENABLE_OBJC_WEAK = YES;
				CLANG_WARN_BLOCK_CAPTURE_AUTORELEASING = YES;
				CLANG_WARN_BOOL_CONVERSION = YES;
				CLANG_WARN_COMMA = YES;
				CLANG_WARN_CONSTANT_CONVERSION = YES;
				CLANG_WARN_DEPRECATED_OBJC_IMPLEMENTATIONS = YES;
				CLANG_WARN_DIRECT_OBJC_ISA_USAGE = YES_ERROR;
				CLANG_WARN_DOCUMENTATION_COMMENTS = YES;
				CLANG_WARN_EMPTY_BODY = YES;
				CLANG_WARN_ENUM_CONVERSION = YES;
				CLANG_WARN_INFINITE_RECURSION = YES;
				CLANG_WARN_INT_CONVERSION = YES;
				CLANG_WARN_NON_LITERAL_NULL_CONVERSION = YES;
				CLANG_WARN_OBJC_IMPLICIT_RETAIN_SELF = YES;
				CLANG_WARN_OBJC_LITERAL_CONVERSION = YES;
				CLANG_WARN_OBJC_ROOT_CLASS = YES_ERROR;
				CLANG_WARN_QUOTED_INCLUDE_IN_FRAMEWORK_HEADER = YES;
				CLANG_WARN_RANGE_LOOP_ANALYSIS = YES;
				CLANG_WARN_STRICT_PROTOTYPES = YES;
				CLANG_WARN_SUSPICIOUS_MOVE = YES;
				CLANG_WARN_UNGUARDED_AVAILABILITY = YES_AGGRESSIVE;
				CLANG_WARN_UNREACHABLE_CODE = YES;
				CLANG_WARN__DUPLICATE_METHOD_MATCH = YES;
				COPY_PHASE_STRIP = NO;
				DEBUG_INFORMATION_FORMAT = "dwarf-with-dsym";
				ENABLE_NS_ASSERTIONS = NO;
				ENABLE_STRICT_OBJC_MSGSEND = YES;
				GCC_C_LANGUAGE_STANDARD = gnu11;
				GCC_NO_COMMON_BLOCKS = YES;
				GCC_WARN_64_TO_32_BIT_CONVERSION = YES;
				GCC_WARN_ABOUT_RETURN_TYPE = YES_ERROR;
				GCC_WARN_UNDECLARED_SELECTOR = YES;
				GCC_WARN_UNINITIALIZED_AUTOS = YES_AGGRESSIVE;
				GCC_WARN_UNUSED_FUNCTION = YES;
				GCC_WARN_UNUSED_VARIABLE = YES;
				IPHONEOS_DEPLOYMENT_TARGET = 15.4;
				MTL_ENABLE_DEBUG_INFO = NO;
				MTL_FAST_MATH = YES;
				SDKROOT = iphoneos;
				SWIFT_COMPILATION_MODE = wholemodule;
				SWIFT_OPTIMIZATION_LEVEL = "-O";
				VALIDATE_PRODUCT = YES;
			};
			name = Release;
		};
		FA9AE33D27FDCF65004956D7 /* Debug */ = {
			isa = XCBuildConfiguration;
			buildSettings = {
				ASSETCATALOG_COMPILER_APPICON_NAME = AppIcon;
				ASSETCATALOG_COMPILER_GLOBAL_ACCENT_COLOR_NAME = AccentColor;
				CODE_SIGN_STYLE = Automatic;
				CURRENT_PROJECT_VERSION = 1;
				DEVELOPMENT_ASSET_PATHS = "\"Planner/Preview Content\"";
				DEVELOPMENT_TEAM = 6PDVJXGB2J;
				ENABLE_PREVIEWS = YES;
				GENERATE_INFOPLIST_FILE = YES;
				INFOPLIST_KEY_UIApplicationSceneManifest_Generation = YES;
				INFOPLIST_KEY_UIApplicationSupportsIndirectInputEvents = YES;
				INFOPLIST_KEY_UILaunchScreen_Generation = YES;
				INFOPLIST_KEY_UILaunchStoryboardName = LaunchScreen;
				INFOPLIST_KEY_UISupportedInterfaceOrientations_iPad = "UIInterfaceOrientationPortrait UIInterfaceOrientationPortraitUpsideDown UIInterfaceOrientationLandscapeLeft UIInterfaceOrientationLandscapeRight";
				INFOPLIST_KEY_UISupportedInterfaceOrientations_iPhone = "UIInterfaceOrientationPortrait UIInterfaceOrientationLandscapeLeft UIInterfaceOrientationLandscapeRight";
				LD_RUNPATH_SEARCH_PATHS = (
					"$(inherited)",
					"@executable_path/Frameworks",
				);
				MARKETING_VERSION = 1.0;
				PRODUCT_BUNDLE_IDENTIFIER = com.darmawiryanata.Planner;
				PRODUCT_NAME = "$(TARGET_NAME)";
				SWIFT_EMIT_LOC_STRINGS = YES;
				SWIFT_VERSION = 5.0;
				TARGETED_DEVICE_FAMILY = "1,2";
			};
			name = Debug;
		};
		FA9AE33E27FDCF65004956D7 /* Release */ = {
			isa = XCBuildConfiguration;
			buildSettings = {
				ASSETCATALOG_COMPILER_APPICON_NAME = AppIcon;
				ASSETCATALOG_COMPILER_GLOBAL_ACCENT_COLOR_NAME = AccentColor;
				CODE_SIGN_STYLE = Automatic;
				CURRENT_PROJECT_VERSION = 1;
				DEVELOPMENT_ASSET_PATHS = "\"Planner/Preview Content\"";
				DEVELOPMENT_TEAM = 6PDVJXGB2J;
				ENABLE_PREVIEWS = YES;
				GENERATE_INFOPLIST_FILE = YES;
				INFOPLIST_KEY_UIApplicationSceneManifest_Generation = YES;
				INFOPLIST_KEY_UIApplicationSupportsIndirectInputEvents = YES;
				INFOPLIST_KEY_UILaunchScreen_Generation = YES;
				INFOPLIST_KEY_UILaunchStoryboardName = LaunchScreen;
				INFOPLIST_KEY_UISupportedInterfaceOrientations_iPad = "UIInterfaceOrientationPortrait UIInterfaceOrientationPortraitUpsideDown UIInterfaceOrientationLandscapeLeft UIInterfaceOrientationLandscapeRight";
				INFOPLIST_KEY_UISupportedInterfaceOrientations_iPhone = "UIInterfaceOrientationPortrait UIInterfaceOrientationLandscapeLeft UIInterfaceOrientationLandscapeRight";
				LD_RUNPATH_SEARCH_PATHS = (
					"$(inherited)",
					"@executable_path/Frameworks",
				);
				MARKETING_VERSION = 1.0;
				PRODUCT_BUNDLE_IDENTIFIER = com.darmawiryanata.Planner;
				PRODUCT_NAME = "$(TARGET_NAME)";
				SWIFT_EMIT_LOC_STRINGS = YES;
				SWIFT_VERSION = 5.0;
				TARGETED_DEVICE_FAMILY = "1,2";
			};
			name = Release;
		};
/* End XCBuildConfiguration section */

/* Begin XCConfigurationList section */
		FA9AE32927FDCF64004956D7 /* Build configuration list for PBXProject "Planner" */ = {
			isa = XCConfigurationList;
			buildConfigurations = (
				FA9AE33A27FDCF65004956D7 /* Debug */,
				FA9AE33B27FDCF65004956D7 /* Release */,
			);
			defaultConfigurationIsVisible = 0;
			defaultConfigurationName = Release;
		};
		FA9AE33C27FDCF65004956D7 /* Build configuration list for PBXNativeTarget "Planner" */ = {
			isa = XCConfigurationList;
			buildConfigurations = (
				FA9AE33D27FDCF65004956D7 /* Debug */,
				FA9AE33E27FDCF65004956D7 /* Release */,
			);
			defaultConfigurationIsVisible = 0;
			defaultConfigurationName = Release;
		};
/* End XCConfigurationList section */
	};
	rootObject = FA9AE32627FDCF64004956D7 /* Project object */;
}
